github.com/midbel/cli v0.2.1/go.mod h1:HRXqwypQ5mtcO4MhCT7eCDLyAS1lua9lmD2yHAP82i4=
github.com/midbel/cli v0.3.0 h1:A/x0qqP3Tq85TI0BUXWM7XbCJL4VUbL85W42DqJ4GBA=
github.com/midbel/cli v0.3.0/go.mod h1:HRXqwypQ5mtcO4MhCT7eCDLyAS1lua9lmD2yHAP82i4=
github.com/midbel/distance v0.1.0 h1:AuhNiidCDy2Sxb9FMdFUuFasOIYIhFH0ADNTB8PyJk0=
github.com/midbel/distance v0.1.0/go.mod h1:HhnNVr4IVXXDr7Xfp+38z+nPWNpo1EjOnX4qfLQHl08=
github.com/midbel/rw v0.1.0 h1:jbgA4m76skqPbWDsEpsNKoQWT3mTpCxJp2TMNZXhwd0=
github.com/midbel/rw v0.1.0/go.mod h1:iIwUqmsls/PSDEPVHLqkcLp2D8xxuwVpBce6pNwf0nI=
github.com/midbel/tape v0.2.0 h1:KcRpto1O5a10HC+0oF6ydE2/ZiMWz21mjf1TV+2NKYI=
github.com/midbel/tape v0.2.0/go.mod h1:V9eHCQqrF/Oc54CcvjErElDjjtE6+2uk1zQ6npRc1Qo=
github.com/midbel/textwrap v0.1.3 h1:M131mjp/2NXjM4c8ypEL/Xi/je8gy70KfOb3gvFWmqo=
github.com/midbel/textwrap v0.1.3/go.mod h1:pNTIQ2A2FQzDpUB4SIdxF82UqttHBOMrO33k/mGGSsE=
